
Microsoft Visual Studio Solution File, Format Version 12.00
# Visual Studio Version 16
VisualStudioVersion = 16.0.32413.511
MinimumVisualStudioVersion = 10.0.40219.1
Project("{FAE04EC0-301F-11D3-BF4B-00C04F79EFBC}") = "DataSocial", "DataSocial\DataSocial.csproj", "{462A7021-655E-45C7-B998-173C8A50F03F}"
EndProject
Project("{FAE04EC0-301F-11D3-BF4B-00C04F79EFBC}") = "SocialBase", "SocialBase\SocialBase.csproj", "{6A069086-C70A-4DD5-9FDD-61D646E0AAB8}"
	ProjectSection(ProjectDependencies) = postProject
		{462A7021-655E-45C7-B998-173C8A50F03F} = {462A7021-655E-45C7-B998-173C8A50F03F}
	EndProjectSection
EndProject
Global
	GlobalSection(SolutionConfigurationPlatforms) = preSolution
		Debug|Any CPU = Debug|Any CPU
		Release|Any CPU = Release|Any CPU
	EndGlobalSection
	GlobalSection(ProjectConfigurationPlatforms) = postSolution
		{462A7021-655E-45C7-B998-173C8A50F03F}.Debug|Any CPU.ActiveCfg = Debug|Any CPU
		{462A7021-655E-45C7-B998-173C8A50F03F}.Debug|Any CPU.Build.0 = Debug|Any CPU
		{462A7021-655E-45C7-B998-173C8A50F03F}.Release|Any CPU.ActiveCfg = Release|Any CPU
		{462A7021-655E-45C7-B998-173C8A50F03F}.Release|Any CPU.Build.0 = Release|Any CPU
		{6A069086-C70A-4DD5-9FDD-61D646E0AAB8}.Debug|Any CPU.ActiveCfg = Debug|Any CPU
		{6A069086-C70A-4DD5-9FDD-61D646E0AAB8}.Debug|Any CPU.Build.0 = Debug|Any CPU
		{6A069086-C70A-4DD5-9FDD-61D646E0AAB8}.Release|Any CPU.ActiveCfg = Release|Any CPU
		{6A069086-C70A-4DD5-9FDD-61D646E0AAB8}.Release|Any CPU.Build.0 = Release|Any CPU
	EndGlobalSection
	GlobalSection(SolutionProperties) = preSolution
		HideSolutionNode = FALSE
	EndGlobalSection
	GlobalSection(ExtensibilityGlobals) = postSolution
		SolutionGuid = {269654B5-5F45-40EE-9BA5-E3F8CCAF55D5}
	EndGlobalSection
EndGlobal
